
Microsoft Visual Studio Solution File, Format Version 12.00
# Visual Studio Version 17
VisualStudioVersion = 17.3.32819.101
MinimumVisualStudioVersion = 10.0.40219.1
Project("{FAE04EC0-301F-11D3-BF4B-00C04F79EFBC}") = "PracticoII", "PracticoII\PracticoII.csproj", "{453EF18A-030F-4072-94E9-DCCBF8160743}"
EndProject
Global
	GlobalSection(SolutionConfigurationPlatforms) = preSolution
		Debug|Any CPU = Debug|Any CPU
		Release|Any CPU = Release|Any CPU
	EndGlobalSection
	GlobalSection(ProjectConfigurationPlatforms) = postSolution
		{453EF18A-030F-4072-94E9-DCCBF8160743}.Debug|Any CPU.ActiveCfg = Debug|Any CPU
		{453EF18A-030F-4072-94E9-DCCBF8160743}.Debug|Any CPU.Build.0 = Debug|Any CPU
		{453EF18A-030F-4072-94E9-DCCBF8160743}.Release|Any CPU.ActiveCfg = Release|Any CPU
		{453EF18A-030F-4072-94E9-DCCBF8160743}.Release|Any CPU.Build.0 = Release|Any CPU
	EndGlobalSection
	GlobalSection(SolutionProperties) = preSolution
		HideSolutionNode = FALSE
	EndGlobalSection
	GlobalSection(ExtensibilityGlobals) = postSolution
		SolutionGuid = {483DB0B2-85BD-4E41-B81A-5D9D175458CD}
	EndGlobalSection
EndGlobal
